
Microsoft Visual Studio Solution File, Format Version 12.00
# Visual Studio 15
VisualStudioVersion = 15.0.27703.2035
MinimumVisualStudioVersion = 10.0.40219.1
Project("{79875B75-C0D1-4DF0-91FB-7D5CF7C909B0}") = "PigApplication1", "PigApplication1\PigApplication1.pigproj", "{AF766E89-A1C8-4755-8E14-E6EF94AF3EFE}"
EndProject
Global
	GlobalSection(SolutionConfigurationPlatforms) = preSolution
		Debug|Any CPU = Debug|Any CPU
		Release|Any CPU = Release|Any CPU
	EndGlobalSection
	GlobalSection(ProjectConfigurationPlatforms) = postSolution
		{AF766E89-A1C8-4755-8E14-E6EF94AF3EFE}.Debug|Any CPU.ActiveCfg = Debug|Any CPU
		{AF766E89-A1C8-4755-8E14-E6EF94AF3EFE}.Debug|Any CPU.Build.0 = Debug|Any CPU
		{AF766E89-A1C8-4755-8E14-E6EF94AF3EFE}.Release|Any CPU.ActiveCfg = Release|Any CPU
		{AF766E89-A1C8-4755-8E14-E6EF94AF3EFE}.Release|Any CPU.Build.0 = Release|Any CPU
	EndGlobalSection
	GlobalSection(SolutionProperties) = preSolution
		HideSolutionNode = FALSE
	EndGlobalSection
	GlobalSection(ExtensibilityGlobals) = postSolution
		SolutionGuid = {BC7B7358-275A-4F3C-BD48-E4FC1DEE776B}
	EndGlobalSection
EndGlobal
